
Microsoft Visual Studio Solution File, Format Version 12.00
# Visual Studio Version 17
VisualStudioVersion = 17.3.32819.101
MinimumVisualStudioVersion = 10.0.40219.1
Project("{8BC9CEB8-8B4A-11D0-8D11-00A0C91BC942}") = "Framework", "Framework\Framework.vcxproj", "{C8BB62D1-4281-4CAB-A8B3-955303D3B685}"
EndProject
Project("{8BC9CEB8-8B4A-11D0-8D11-00A0C91BC942}") = "01-glTFLoading", "Samples\01-glTFLoading\01-glTFLoading.vcxproj", "{E96D7AFB-9DB8-4D91-A68D-12CF712EF5D9}"
EndProject
Project("{8BC9CEB8-8B4A-11D0-8D11-00A0C91BC942}") = "02-Bindless", "Samples\02-Bindless\02-Bindless.vcxproj", "{37820E4B-94F1-41B9-850E-FE634E2B3CA1}"
EndProject
Global
	GlobalSection(SolutionConfigurationPlatforms) = preSolution
		Debug|x64 = Debug|x64
		Debug|x86 = Debug|x86
		Release|x64 = Release|x64
		Release|x86 = Release|x86
	EndGlobalSection
	GlobalSection(ProjectConfigurationPlatforms) = postSolution
		{C8BB62D1-4281-4CAB-A8B3-955303D3B685}.Debug|x64.ActiveCfg = Debug|x64
		{C8BB62D1-4281-4CAB-A8B3-955303D3B685}.Debug|x64.Build.0 = Debug|x64
		{C8BB62D1-4281-4CAB-A8B3-955303D3B685}.Debug|x86.ActiveCfg = Debug|Win32
		{C8BB62D1-4281-4CAB-A8B3-955303D3B685}.Debug|x86.Build.0 = Debug|Win32
		{C8BB62D1-4281-4CAB-A8B3-955303D3B685}.Release|x64.ActiveCfg = Release|x64
		{C8BB62D1-4281-4CAB-A8B3-955303D3B685}.Release|x64.Build.0 = Release|x64
		{C8BB62D1-4281-4CAB-A8B3-955303D3B685}.Release|x86.ActiveCfg = Release|Win32
		{C8BB62D1-4281-4CAB-A8B3-955303D3B685}.Release|x86.Build.0 = Release|Win32
		{E96D7AFB-9DB8-4D91-A68D-12CF712EF5D9}.Debug|x64.ActiveCfg = Debug|x64
		{E96D7AFB-9DB8-4D91-A68D-12CF712EF5D9}.Debug|x64.Build.0 = Debug|x64
		{E96D7AFB-9DB8-4D91-A68D-12CF712EF5D9}.Debug|x86.ActiveCfg = Debug|Win32
		{E96D7AFB-9DB8-4D91-A68D-12CF712EF5D9}.Debug|x86.Build.0 = Debug|Win32
		{E96D7AFB-9DB8-4D91-A68D-12CF712EF5D9}.Release|x64.ActiveCfg = Release|x64
		{E96D7AFB-9DB8-4D91-A68D-12CF712EF5D9}.Release|x64.Build.0 = Release|x64
		{E96D7AFB-9DB8-4D91-A68D-12CF712EF5D9}.Release|x86.ActiveCfg = Release|Win32
		{E96D7AFB-9DB8-4D91-A68D-12CF712EF5D9}.Release|x86.Build.0 = Release|Win32
		{37820E4B-94F1-41B9-850E-FE634E2B3CA1}.Debug|x64.ActiveCfg = Debug|x64
		{37820E4B-94F1-41B9-850E-FE634E2B3CA1}.Debug|x64.Build.0 = Debug|x64
		{37820E4B-94F1-41B9-850E-FE634E2B3CA1}.Debug|x86.ActiveCfg = Debug|Win32
		{37820E4B-94F1-41B9-850E-FE634E2B3CA1}.Debug|x86.Build.0 = Debug|Win32
		{37820E4B-94F1-41B9-850E-FE634E2B3CA1}.Release|x64.ActiveCfg = Release|x64
		{37820E4B-94F1-41B9-850E-FE634E2B3CA1}.Release|x64.Build.0 = Release|x64
		{37820E4B-94F1-41B9-850E-FE634E2B3CA1}.Release|x86.ActiveCfg = Release|Win32
		{37820E4B-94F1-41B9-850E-FE634E2B3CA1}.Release|x86.Build.0 = Release|Win32
	EndGlobalSection
	GlobalSection(SolutionProperties) = preSolution
		HideSolutionNode = FALSE
	EndGlobalSection
	GlobalSection(ExtensibilityGlobals) = postSolution
		SolutionGuid = {8490C48D-056C-48B0-B3C6-8582687D18AA}
	EndGlobalSection
EndGlobal
