<?xml version="1.0" encoding="utf-8"?>
<Project ToolsVersion="4.0" xmlns="http://schemas.microsoft.com/developer/msbuild/2003">
  <ItemGroup>
    <Filter Include="Foundation">
      <UniqueIdentifier>{5c1c1e8d-d322-4df6-b56d-378c1ad279ea}</UniqueIdentifier>
    </Filter>
    <Filter Include="Application">
      <UniqueIdentifier>{2162c861-e259-47f7-9e7a-b53077ad4ab3}</UniqueIdentifier>
    </Filter>
    <Filter Include="Externals">
      <UniqueIdentifier>{7545fd49-e487-4e71-a923-ed964d7b9a8d}</UniqueIdentifier>
    </Filter>
    <Filter Include="Externals\ImGui">
      <UniqueIdentifier>{178d9589-c08f-473b-a0a3-a8c5c1657f5d}</UniqueIdentifier>
    </Filter>
  </ItemGroup>
  <ItemGroup>
    <ClCompile Include="Application\App.cpp">
      <Filter>Application</Filter>
    </ClCompile>
    <ClCompile Include="..\Externals\imgui\imgui.cpp">
      <Filter>Externals\ImGui</Filter>
    </ClCompile>
    <ClCompile Include="..\Externals\imgui\imgui_demo.cpp">
      <Filter>Externals\ImGui</Filter>
    </ClCompile>
    <ClCompile Include="..\Externals\imgui\imgui_draw.cpp">
      <Filter>Externals\ImGui</Filter>
    </ClCompile>
    <ClCompile Include="..\Externals\imgui\imgui_impl_sdl.cpp">
      <Filter>Externals\ImGui</Filter>
    </ClCompile>
    <ClCompile Include="..\Externals\imgui\imgui_tables.cpp">
      <Filter>Externals\ImGui</Filter>
    </ClCompile>
    <ClCompile Include="..\Externals\imgui\imgui_widgets.cpp">
      <Filter>Externals\ImGui</Filter>
    </ClCompile>
    <ClCompile Include="Foundation\Memory.cpp">
      <Filter>Foundation</Filter>
    </ClCompile>
    <ClCompile Include="..\Externals\imgui\TextEditor.cpp">
      <Filter>Externals\ImGui</Filter>
    </ClCompile>
    <ClCompile Include="Application\Window.cpp">
      <Filter>Application</Filter>
    </ClCompile>
    <ClCompile Include="..\Externals\tlsf.c">
      <Filter>Externals</Filter>
    </ClCompile>
    <ClCompile Include="Foundation\Bit.cpp">
      <Filter>Foundation</Filter>
    </ClCompile>
    <ClCompile Include="Foundation\File.cpp">
      <Filter>Foundation</Filter>
    </ClCompile>
    <ClCompile Include="Foundation\String.cpp">
      <Filter>Foundation</Filter>
    </ClCompile>
  </ItemGroup>
  <ItemGroup>
    <ClInclude Include="Foundation\Array.hpp">
      <Filter>Foundation</Filter>
    </ClInclude>
    <ClInclude Include="Application\App.hpp">
      <Filter>Application</Filter>
    </ClInclude>
    <ClInclude Include="..\Externals\imgui\imconfig.h">
      <Filter>Externals\ImGui</Filter>
    </ClInclude>
    <ClInclude Include="..\Externals\imgui\imgui.h">
      <Filter>Externals\ImGui</Filter>
    </ClInclude>
    <ClInclude Include="..\Externals\imgui\imgui_impl_sdl.h">
      <Filter>Externals\ImGui</Filter>
    </ClInclude>
    <ClInclude Include="..\Externals\imgui\imgui_internal.h">
      <Filter>Externals\ImGui</Filter>
    </ClInclude>
    <ClInclude Include="..\Externals\imgui\imgui_memory_editor.h">
      <Filter>Externals\ImGui</Filter>
    </ClInclude>
    <ClInclude Include="..\Externals\imgui\imstb_rectpack.h">
      <Filter>Externals\ImGui</Filter>
    </ClInclude>
    <ClInclude Include="..\Externals\imgui\imstb_textedit.h">
      <Filter>Externals\ImGui</Filter>
    </ClInclude>
    <ClInclude Include="..\Externals\imgui\imstb_truetype.h">
      <Filter>Externals\ImGui</Filter>
    </ClInclude>
    <ClInclude Include="Foundation\Memory.hpp">
      <Filter>Foundation</Filter>
    </ClInclude>
    <ClInclude Include="Foundation\Numerics.hpp">
      <Filter>Foundation</Filter>
    </ClInclude>
    <ClInclude Include="Foundation\Prerequisites.hpp">
      <Filter>Foundation</Filter>
    </ClInclude>
    <ClInclude Include="Foundation\Service.hpp">
      <Filter>Foundation</Filter>
    </ClInclude>
    <ClInclude Include="..\Externals\imgui\stb_image.h">
      <Filter>Externals\ImGui</Filter>
    </ClInclude>
    <ClInclude Include="..\Externals\imgui\TextEditor.h">
      <Filter>Externals\ImGui</Filter>
    </ClInclude>
    <ClInclude Include="Application\Window.hpp">
      <Filter>Application</Filter>
    </ClInclude>
    <ClInclude Include="Foundation\HashMap.hpp">
      <Filter>Foundation</Filter>
    </ClInclude>
    <ClInclude Include="Foundation\Bit.hpp">
      <Filter>Foundation</Filter>
    </ClInclude>
    <ClInclude Include="Foundation\File.hpp">
      <Filter>Foundation</Filter>
    </ClInclude>
    <ClInclude Include="Foundation\String.hpp">
      <Filter>Foundation</Filter>
    </ClInclude>
  </ItemGroup>
</Project>